// !$*UTF8*$!
{
	archiveVersion = 1;
	classes = {
	};
	objectVersion = 50;
	objects = {

/* Begin PBXBuildFile section */
		747BB9A8256E01FB0009AD9A /* CRPodDeviceMenuView.m in Sources */ = {isa = PBXBuildFile; fileRef = 747BB9A6256E01FB0009AD9A /* CRPodDeviceMenuView.m */; };
		74B0893E256665E2003E0584 /* AppDelegate.m in Sources */ = {isa = PBXBuildFile; fileRef = 74B0893D256665E2003E0584 /* AppDelegate.m */; };
		74B08944256665E2003E0584 /* ViewController.m in Sources */ = {isa = PBXBuildFile; fileRef = 74B08943256665E2003E0584 /* ViewController.m */; };
		74B08947256665E2003E0584 /* Main.storyboard in Resources */ = {isa = PBXBuildFile; fileRef = 74B08945256665E2003E0584 /* Main.storyboard */; };
		74B08949256665E3003E0584 /* Assets.xcassets in Resources */ = {isa = PBXBuildFile; fileRef = 74B08948256665E3003E0584 /* Assets.xcassets */; };
		74B0894C256665E3003E0584 /* LaunchScreen.storyboard in Resources */ = {isa = PBXBuildFile; fileRef = 74B0894A256665E3003E0584 /* LaunchScreen.storyboard */; };
		74B0894F256665E3003E0584 /* main.m in Sources */ = {isa = PBXBuildFile; fileRef = 74B0894E256665E3003E0584 /* main.m */; };
		74B0896C25667209003E0584 /* CRHeartLiveView.m in Sources */ = {isa = PBXBuildFile; fileRef = 74B0896B25667209003E0584 /* CRHeartLiveView.m */; };
		F709851526609D1C001D19CE /* liblibCRAP20SDK.a in Frameworks */ = {isa = PBXBuildFile; fileRef = F709851026609D1C001D19CE /* liblibCRAP20SDK.a */; };
		F709851626609D1C001D19CE /* CRBlueToothManager.m in Sources */ = {isa = PBXBuildFile; fileRef = F709851326609D1C001D19CE /* CRBlueToothManager.m */; };
/* End PBXBuildFile section */

/* Begin PBXFileReference section */
		747BB9A6256E01FB0009AD9A /* CRPodDeviceMenuView.m */ = {isa = PBXFileReference; fileEncoding = 4; lastKnownFileType = sourcecode.c.objc; path = CRPodDeviceMenuView.m; sourceTree = "<group>"; };
		747BB9A7256E01FB0009AD9A /* CRPodDeviceMenuView.h */ = {isa = PBXFileReference; fileEncoding = 4; lastKnownFileType = sourcecode.c.h; path = CRPodDeviceMenuView.h; sourceTree = "<group>"; };
		74B08939256665E2003E0584 /* PC_60ESDK.app */ = {isa = PBXFileReference; explicitFileType = wrapper.application; includeInIndex = 0; path = PC_60ESDK.app; sourceTree = BUILT_PRODUCTS_DIR; };
		74B0893C256665E2003E0584 /* AppDelegate.h */ = {isa = PBXFileReference; lastKnownFileType = sourcecode.c.h; path = AppDelegate.h; sourceTree = "<group>"; };
		74B0893D256665E2003E0584 /* AppDelegate.m */ = {isa = PBXFileReference; lastKnownFileType = sourcecode.c.objc; path = AppDelegate.m; sourceTree = "<group>"; };
		74B08942256665E2003E0584 /* ViewController.h */ = {isa = PBXFileReference; lastKnownFileType = sourcecode.c.h; path = ViewController.h; sourceTree = "<group>"; };
		74B08943256665E2003E0584 /* ViewController.m */ = {isa = PBXFileReference; lastKnownFileType = sourcecode.c.objc; path = ViewController.m; sourceTree = "<group>"; };
		74B08946256665E2003E0584 /* Base */ = {isa = PBXFileReference; lastKnownFileType = file.storyboard; name = Base; path = Base.lproj/Main.storyboard; sourceTree = "<group>"; };
		74B08948256665E3003E0584 /* Assets.xcassets */ = {isa = PBXFileReference; lastKnownFileType = folder.assetcatalog; path = Assets.xcassets; sourceTree = "<group>"; };
		74B0894B256665E3003E0584 /* Base */ = {isa = PBXFileReference; lastKnownFileType = file.storyboard; name = Base; path = Base.lproj/LaunchScreen.storyboard; sourceTree = "<group>"; };
		74B0894D256665E3003E0584 /* Info.plist */ = {isa = PBXFileReference; lastKnownFileType = text.plist.xml; path = Info.plist; sourceTree = "<group>"; };
		74B0894E256665E3003E0584 /* main.m */ = {isa = PBXFileReference; lastKnownFileType = sourcecode.c.objc; path = main.m; sourceTree = "<group>"; };
		74B0896A25667209003E0584 /* CRHeartLiveView.h */ = {isa = PBXFileReference; fileEncoding = 4; lastKnownFileType = sourcecode.c.h; path = CRHeartLiveView.h; sourceTree = "<group>"; };
		74B0896B25667209003E0584 /* CRHeartLiveView.m */ = {isa = PBXFileReference; fileEncoding = 4; lastKnownFileType = sourcecode.c.objc; path = CRHeartLiveView.m; sourceTree = "<group>"; };
		F709851026609D1C001D19CE /* liblibCRAP20SDK.a */ = {isa = PBXFileReference; lastKnownFileType = archive.ar; path = liblibCRAP20SDK.a; sourceTree = "<group>"; };
		F709851126609D1C001D19CE /* CRAP20SDK.h */ = {isa = PBXFileReference; fileEncoding = 4; lastKnownFileType = sourcecode.c.h; path = CRAP20SDK.h; sourceTree = "<group>"; };
		F709851226609D1C001D19CE /* CRBleDevice.h */ = {isa = PBXFileReference; fileEncoding = 4; lastKnownFileType = sourcecode.c.h; path = CRBleDevice.h; sourceTree = "<group>"; };
		F709851326609D1C001D19CE /* CRBlueToothManager.m */ = {isa = PBXFileReference; fileEncoding = 4; lastKnownFileType = sourcecode.c.objc; path = CRBlueToothManager.m; sourceTree = "<group>"; };
		F709851426609D1C001D19CE /* CRBlueToothManager.h */ = {isa = PBXFileReference; fileEncoding = 4; lastKnownFileType = sourcecode.c.h; path = CRBlueToothManager.h; sourceTree = "<group>"; };
/* End PBXFileReference section */

/* Begin PBXFrameworksBuildPhase section */
		74B08936256665E2003E0584 /* Frameworks */ = {
			isa = PBXFrameworksBuildPhase;
			buildActionMask = 2147483647;
			files = (
				F709851526609D1C001D19CE /* liblibCRAP20SDK.a in Frameworks */,
			);
			runOnlyForDeploymentPostprocessing = 0;
		};
/* End PBXFrameworksBuildPhase section */

/* Begin PBXGroup section */
		74B08930256665E2003E0584 = {
			isa = PBXGroup;
			children = (
				74B0893B256665E2003E0584 /* PC_60ESDK */,
				74B0893A256665E2003E0584 /* Products */,
			);
			sourceTree = "<group>";
		};
		74B0893A256665E2003E0584 /* Products */ = {
			isa = PBXGroup;
			children = (
				74B08939256665E2003E0584 /* PC_60ESDK.app */,
			);
			name = Products;
			sourceTree = "<group>";
		};
		74B0893B256665E2003E0584 /* PC_60ESDK */ = {
			isa = PBXGroup;
			children = (
				74B0893C256665E2003E0584 /* AppDelegate.h */,
				74B0893D256665E2003E0584 /* AppDelegate.m */,
				74B08942256665E2003E0584 /* ViewController.h */,
				74B08943256665E2003E0584 /* ViewController.m */,
				74B0896A25667209003E0584 /* CRHeartLiveView.h */,
				74B0896B25667209003E0584 /* CRHeartLiveView.m */,
				747BB9A7256E01FB0009AD9A /* CRPodDeviceMenuView.h */,
				747BB9A6256E01FB0009AD9A /* CRPodDeviceMenuView.m */,
				F709850F26609D1C001D19CE /* SDK */,
				74B08945256665E2003E0584 /* Main.storyboard */,
				74B08948256665E3003E0584 /* Assets.xcassets */,
				74B0894A256665E3003E0584 /* LaunchScreen.storyboard */,
				74B0894D256665E3003E0584 /* Info.plist */,
				74B0894E256665E3003E0584 /* main.m */,
			);
			path = PC_60ESDK;
			sourceTree = "<group>";
		};
		F709850F26609D1C001D19CE /* SDK */ = {
			isa = PBXGroup;
			children = (
				F709851126609D1C001D19CE /* CRAP20SDK.h */,
				F709851226609D1C001D19CE /* CRBleDevice.h */,
				F709851426609D1C001D19CE /* CRBlueToothManager.h */,
				F709851326609D1C001D19CE /* CRBlueToothManager.m */,
				F709851026609D1C001D19CE /* liblibCRAP20SDK.a */,
			);
			path = SDK;
			sourceTree = "<group>";
		};
/* End PBXGroup section */

/* Begin PBXNativeTarget section */
		74B08938256665E2003E0584 /* PC_60ESDK */ = {
			isa = PBXNativeTarget;
			buildConfigurationList = 74B08952256665E3003E0584 /* Build configuration list for PBXNativeTarget "PC_60ESDK" */;
			buildPhases = (
				74B08935256665E2003E0584 /* Sources */,
				74B08936256665E2003E0584 /* Frameworks */,
				74B08937256665E2003E0584 /* Resources */,
			);
			buildRules = (
			);
			dependencies = (
			);
			name = PC_60ESDK;
			productName = PC_60ESDK;
			productReference = 74B08939256665E2003E0584 /* PC_60ESDK.app */;
			productType = "com.apple.product-type.application";
		};
/* End PBXNativeTarget section */

/* Begin PBXProject section */
		74B08931256665E2003E0584 /* Project object */ = {
			isa = PBXProject;
			attributes = {
				LastUpgradeCheck = 1200;
				TargetAttributes = {
					74B08938256665E2003E0584 = {
						CreatedOnToolsVersion = 12.0;
					};
				};
			};
			buildConfigurationList = 74B08934256665E2003E0584 /* Build configuration list for PBXProject "PC_60ESDK" */;
			compatibilityVersion = "Xcode 9.3";
			developmentRegion = en;
			hasScannedForEncodings = 0;
			knownRegions = (
				en,
				Base,
			);
			mainGroup = 74B08930256665E2003E0584;
			productRefGroup = 74B0893A256665E2003E0584 /* Products */;
			projectDirPath = "";
			projectRoot = "";
			targets = (
				74B08938256665E2003E0584 /* PC_60ESDK */,
			);
		};
/* End PBXProject section */

/* Begin PBXResourcesBuildPhase section */
		74B08937256665E2003E0584 /* Resources */ = {
			isa = PBXResourcesBuildPhase;
			buildActionMask = 2147483647;
			files = (
				74B0894C256665E3003E0584 /* LaunchScreen.storyboard in Resources */,
				74B08949256665E3003E0584 /* Assets.xcassets in Resources */,
				74B08947256665E2003E0584 /* Main.storyboard in Resources */,
			);
			runOnlyForDeploymentPostprocessing = 0;
		};
/* End PBXResourcesBuildPhase section */

/* Begin PBXSourcesBuildPhase section */
		74B08935256665E2003E0584 /* Sources */ = {
			isa = PBXSourcesBuildPhase;
			buildActionMask = 2147483647;
			files = (
				747BB9A8256E01FB0009AD9A /* CRPodDeviceMenuView.m in Sources */,
				F709851626609D1C001D19CE /* CRBlueToothManager.m in Sources */,
				74B0896C25667209003E0584 /* CRHeartLiveView.m in Sources */,
				74B08944256665E2003E0584 /* ViewController.m in Sources */,
				74B0893E256665E2003E0584 /* AppDelegate.m in Sources */,
				74B0894F256665E3003E0584 /* main.m in Sources */,
			);
			runOnlyForDeploymentPostprocessing = 0;
		};
/* End PBXSourcesBuildPhase section */

/* Begin PBXVariantGroup section */
		74B08945256665E2003E0584 /* Main.storyboard */ = {
			isa = PBXVariantGroup;
			children = (
				74B08946256665E2003E0584 /* Base */,
			);
			name = Main.storyboard;
			sourceTree = "<group>";
		};
		74B0894A256665E3003E0584 /* LaunchScreen.storyboard */ = {
			isa = PBXVariantGroup;
			children = (
				74B0894B256665E3003E0584 /* Base */,
			);
			name = LaunchScreen.storyboard;
			sourceTree = "<group>";
		};
/* End PBXVariantGroup section */

/* Begin XCBuildConfiguration section */
		74B08950256665E3003E0584 /* Debug */ = {
			isa = XCBuildConfiguration;
			buildSettings = {
				ALWAYS_SEARCH_USER_PATHS = NO;
				CLANG_ANALYZER_NONNULL = YES;
				CLANG_ANALYZER_NUMBER_OBJECT_CONVERSION = YES_AGGRESSIVE;
				CLANG_CXX_LANGUAGE_STANDARD = "gnu++14";
				CLANG_CXX_LIBRARY = "libc++";
				CLANG_ENABLE_MODULES = YES;
				CLANG_ENABLE_OBJC_ARC = YES;
				CLANG_ENABLE_OBJC_WEAK = YES;
				CLANG_WARN_BLOCK_CAPTURE_AUTORELEASING = YES;
				CLANG_WARN_BOOL_CONVERSION = YES;
				CLANG_WARN_COMMA = YES;
				CLANG_WARN_CONSTANT_CONVERSION = YES;
				CLANG_WARN_DEPRECATED_OBJC_IMPLEMENTATIONS = YES;
				CLANG_WARN_DIRECT_OBJC_ISA_USAGE = YES_ERROR;
				CLANG_WARN_DOCUMENTATION_COMMENTS = YES;
				CLANG_WARN_EMPTY_BODY = YES;
				CLANG_WARN_ENUM_CONVERSION = YES;
				CLANG_WARN_INFINITE_RECURSION = YES;
				CLANG_WARN_INT_CONVERSION = YES;
				CLANG_WARN_NON_LITERAL_NULL_CONVERSION = YES;
				CLANG_WARN_OBJC_IMPLICIT_RETAIN_SELF = YES;
				CLANG_WARN_OBJC_LITERAL_CONVERSION = YES;
				CLANG_WARN_OBJC_ROOT_CLASS = YES_ERROR;
				CLANG_WARN_QUOTED_INCLUDE_IN_FRAMEWORK_HEADER = YES;
				CLANG_WARN_RANGE_LOOP_ANALYSIS = YES;
				CLANG_WARN_STRICT_PROTOTYPES = YES;
				CLANG_WARN_SUSPICIOUS_MOVE = YES;
				CLANG_WARN_UNGUARDED_AVAILABILITY = YES_AGGRESSIVE;
				CLANG_WARN_UNREACHABLE_CODE = YES;
				CLANG_WARN__DUPLICATE_METHOD_MATCH = YES;
				COPY_PHASE_STRIP = NO;
				DEBUG_INFORMATION_FORMAT = dwarf;
				ENABLE_STRICT_OBJC_MSGSEND = YES;
				ENABLE_TESTABILITY = YES;
				GCC_C_LANGUAGE_STANDARD = gnu11;
				GCC_DYNAMIC_NO_PIC = NO;
				GCC_NO_COMMON_BLOCKS = YES;
				GCC_OPTIMIZATION_LEVEL = 0;
				GCC_PREPROCESSOR_DEFINITIONS = (
					"DEBUG=1",
					"$(inherited)",
				);
				GCC_WARN_64_TO_32_BIT_CONVERSION = YES;
				GCC_WARN_ABOUT_RETURN_TYPE = YES_ERROR;
				GCC_WARN_UNDECLARED_SELECTOR = YES;
				GCC_WARN_UNINITIALIZED_AUTOS = YES_AGGRESSIVE;
				GCC_WARN_UNUSED_FUNCTION = YES;
				GCC_WARN_UNUSED_VARIABLE = YES;
				IPHONEOS_DEPLOYMENT_TARGET = 14.0;
				MTL_ENABLE_DEBUG_INFO = INCLUDE_SOURCE;
				MTL_FAST_MATH = YES;
				ONLY_ACTIVE_ARCH = YES;
				SDKROOT = iphoneos;
			};
			name = Debug;
		};
		74B08951256665E3003E0584 /* Release */ = {
			isa = XCBuildConfiguration;
			buildSettings = {
				ALWAYS_SEARCH_USER_PATHS = NO;
				CLANG_ANALYZER_NONNULL = YES;
				CLANG_ANALYZER_NUMBER_OBJECT_CONVERSION = YES_AGGRESSIVE;
				CLANG_CXX_LANGUAGE_STANDARD = "gnu++14";
				CLANG_CXX_LIBRARY = "libc++";
				CLANG_ENABLE_MODULES = YES;
				CLANG_ENABLE_OBJC_ARC = YES;
				CLANG_ENABLE_OBJC_WEAK = YES;
				CLANG_WARN_BLOCK_CAPTURE_AUTORELEASING = YES;
				CLANG_WARN_BOOL_CONVERSION = YES;
				CLANG_WARN_COMMA = YES;
				CLANG_WARN_CONSTANT_CONVERSION = YES;
				CLANG_WARN_DEPRECATED_OBJC_IMPLEMENTATIONS = YES;
				CLANG_WARN_DIRECT_OBJC_ISA_USAGE = YES_ERROR;
				CLANG_WARN_DOCUMENTATION_COMMENTS = YES;
				CLANG_WARN_EMPTY_BODY = YES;
				CLANG_WARN_ENUM_CONVERSION = YES;
				CLANG_WARN_INFINITE_RECURSION = YES;
				CLANG_WARN_INT_CONVERSION = YES;
				CLANG_WARN_NON_LITERAL_NULL_CONVERSION = YES;
				CLANG_WARN_OBJC_IMPLICIT_RETAIN_SELF = YES;
				CLANG_WARN_OBJC_LITERAL_CONVERSION = YES;
				CLANG_WARN_OBJC_ROOT_CLASS = YES_ERROR;
				CLANG_WARN_QUOTED_INCLUDE_IN_FRAMEWORK_HEADER = YES;
				CLANG_WARN_RANGE_LOOP_ANALYSIS = YES;
				CLANG_WARN_STRICT_PROTOTYPES = YES;
				CLANG_WARN_SUSPICIOUS_MOVE = YES;
				CLANG_WARN_UNGUARDED_AVAILABILITY = YES_AGGRESSIVE;
				CLANG_WARN_UNREACHABLE_CODE = YES;
				CLANG_WARN__DUPLICATE_METHOD_MATCH = YES;
				COPY_PHASE_STRIP = NO;
				DEBUG_INFORMATION_FORMAT = "dwarf-with-dsym";
				ENABLE_NS_ASSERTIONS = NO;
				ENABLE_STRICT_OBJC_MSGSEND = YES;
				GCC_C_LANGUAGE_STANDARD = gnu11;
				GCC_NO_COMMON_BLOCKS = YES;
				GCC_WARN_64_TO_32_BIT_CONVERSION = YES;
				GCC_WARN_ABOUT_RETURN_TYPE = YES_ERROR;
				GCC_WARN_UNDECLARED_SELECTOR = YES;
				GCC_WARN_UNINITIALIZED_AUTOS = YES_AGGRESSIVE;
				GCC_WARN_UNUSED_FUNCTION = YES;
				GCC_WARN_UNUSED_VARIABLE = YES;
				IPHONEOS_DEPLOYMENT_TARGET = 14.0;
				MTL_ENABLE_DEBUG_INFO = NO;
				MTL_FAST_MATH = YES;
				SDKROOT = iphoneos;
				VALIDATE_PRODUCT = YES;
			};
			name = Release;
		};
		74B08953256665E3003E0584 /* Debug */ = {
			isa = XCBuildConfiguration;
			buildSettings = {
				ASSETCATALOG_COMPILER_APPICON_NAME = AppIcon;
				ASSETCATALOG_COMPILER_GLOBAL_ACCENT_COLOR_NAME = AccentColor;
				CODE_SIGN_STYLE = Automatic;
				DEVELOPMENT_TEAM = L79NFY6463;
				INFOPLIST_FILE = PC_60ESDK/Info.plist;
				IPHONEOS_DEPLOYMENT_TARGET = 9.0;
				LD_RUNPATH_SEARCH_PATHS = (
					"$(inherited)",
					"@executable_path/Frameworks",
				);
				LIBRARY_SEARCH_PATHS = (
					"$(inherited)",
					"$(PROJECT_DIR)/PC_60ESDK/PC_60ESDK",
					"$(PROJECT_DIR)/PC_60ESDK/SDK",
				);
				MARKETING_VERSION = 1.1.0;
				PRODUCT_BUNDLE_IDENTIFIER = "com.creative.PC-60ESDK";
				PRODUCT_NAME = "$(TARGET_NAME)";
				TARGETED_DEVICE_FAMILY = 1;
			};
			name = Debug;
		};
		74B08954256665E3003E0584 /* Release */ = {
			isa = XCBuildConfiguration;
			buildSettings = {
				ASSETCATALOG_COMPILER_APPICON_NAME = AppIcon;
				ASSETCATALOG_COMPILER_GLOBAL_ACCENT_COLOR_NAME = AccentColor;
				CODE_SIGN_STYLE = Automatic;
				DEVELOPMENT_TEAM = L79NFY6463;
				INFOPLIST_FILE = PC_60ESDK/Info.plist;
				IPHONEOS_DEPLOYMENT_TARGET = 9.0;
				LD_RUNPATH_SEARCH_PATHS = (
					"$(inherited)",
					"@executable_path/Frameworks",
				);
				LIBRARY_SEARCH_PATHS = (
					"$(inherited)",
					"$(PROJECT_DIR)/PC_60ESDK/PC_60ESDK",
					"$(PROJECT_DIR)/PC_60ESDK/SDK",
				);
				MARKETING_VERSION = 1.1.0;
				PRODUCT_BUNDLE_IDENTIFIER = "com.creative.PC-60ESDK";
				PRODUCT_NAME = "$(TARGET_NAME)";
				TARGETED_DEVICE_FAMILY = 1;
			};
			name = Release;
		};
/* End XCBuildConfiguration section */

/* Begin XCConfigurationList section */
		74B08934256665E2003E0584 /* Build configuration list for PBXProject "PC_60ESDK" */ = {
			isa = XCConfigurationList;
			buildConfigurations = (
				74B08950256665E3003E0584 /* Debug */,
				74B08951256665E3003E0584 /* Release */,
			);
			defaultConfigurationIsVisible = 0;
			defaultConfigurationName = Release;
		};
		74B08952256665E3003E0584 /* Build configuration list for PBXNativeTarget "PC_60ESDK" */ = {
			isa = XCConfigurationList;
			buildConfigurations = (
				74B08953256665E3003E0584 /* Debug */,
				74B08954256665E3003E0584 /* Release */,
			);
			defaultConfigurationIsVisible = 0;
			defaultConfigurationName = Release;
		};
/* End XCConfigurationList section */
	};
	rootObject = 74B08931256665E2003E0584 /* Project object */;
}
